
Microsoft Visual Studio Solution File, Format Version 12.00
# Visual Studio Version 17
VisualStudioVersion = 17.11.35222.181
MinimumVisualStudioVersion = 10.0.40219.1
Project("{FAE04EC0-301F-11D3-BF4B-00C04F79EFBC}") = "TimerBudilnik", "TimerBudilnik\TimerBudilnik.csproj", "{A15B9818-B5E7-48E6-AB72-7886B8C653A9}"
EndProject
Global
	GlobalSection(SolutionConfigurationPlatforms) = preSolution
		Debug|Any CPU = Debug|Any CPU
		Release|Any CPU = Release|Any CPU
	EndGlobalSection
	GlobalSection(ProjectConfigurationPlatforms) = postSolution
		{A15B9818-B5E7-48E6-AB72-7886B8C653A9}.Debug|Any CPU.ActiveCfg = Debug|Any CPU
		{A15B9818-B5E7-48E6-AB72-7886B8C653A9}.Debug|Any CPU.Build.0 = Debug|Any CPU
		{A15B9818-B5E7-48E6-AB72-7886B8C653A9}.Release|Any CPU.ActiveCfg = Release|Any CPU
		{A15B9818-B5E7-48E6-AB72-7886B8C653A9}.Release|Any CPU.Build.0 = Release|Any CPU
	EndGlobalSection
	GlobalSection(SolutionProperties) = preSolution
		HideSolutionNode = FALSE
	EndGlobalSection
	GlobalSection(ExtensibilityGlobals) = postSolution
		SolutionGuid = {81A1A375-6F8A-4413-96C5-6FF3E6CF7BD1}
	EndGlobalSection
EndGlobal
